// !$*UTF8*$!
{
	archiveVersion = 1;
	classes = {
	};
	objectVersion = 46;
	objects = {

/* Begin PBXBuildFile section */
		5F2ECF961E3CA18700F688E7 /* SongCell.swift in Sources */ = {isa = PBXBuildFile; fileRef = 5F2ECF951E3CA18700F688E7 /* SongCell.swift */; };
		5FBC4C5D1E3C5530004E64A6 /* AppDelegate.swift in Sources */ = {isa = PBXBuildFile; fileRef = 5FBC4C5C1E3C5530004E64A6 /* AppDelegate.swift */; };
		5FBC4C5F1E3C5530004E64A6 /* TableViewController.swift in Sources */ = {isa = PBXBuildFile; fileRef = 5FBC4C5E1E3C5530004E64A6 /* TableViewController.swift */; };
		5FBC4C621E3C5530004E64A6 /* Main.storyboard in Resources */ = {isa = PBXBuildFile; fileRef = 5FBC4C601E3C5530004E64A6 /* Main.storyboard */; };
		5FBC4C641E3C5530004E64A6 /* Assets.xcassets in Resources */ = {isa = PBXBuildFile; fileRef = 5FBC4C631E3C5530004E64A6 /* Assets.xcassets */; };
		5FBC4C671E3C5530004E64A6 /* LaunchScreen.storyboard in Resources */ = {isa = PBXBuildFile; fileRef = 5FBC4C651E3C5530004E64A6 /* LaunchScreen.storyboard */; };
		FEC8214F193E1C21ECA5D843 /* Pods_SpotifyAPIApp.framework in Frameworks */ = {isa = PBXBuildFile; fileRef = FB076CE1F4468B11644A80F8 /* Pods_SpotifyAPIApp.framework */; };
/* End PBXBuildFile section */

/* Begin PBXFileReference section */
		5F2ECF951E3CA18700F688E7 /* SongCell.swift */ = {isa = PBXFileReference; fileEncoding = 4; lastKnownFileType = sourcecode.swift; path = SongCell.swift; sourceTree = "<group>"; };
		5FBC4C591E3C5530004E64A6 /* SpotifyAPIApp.app */ = {isa = PBXFileReference; explicitFileType = wrapper.application; includeInIndex = 0; path = SpotifyAPIApp.app; sourceTree = BUILT_PRODUCTS_DIR; };
		5FBC4C5C1E3C5530004E64A6 /* AppDelegate.swift */ = {isa = PBXFileReference; lastKnownFileType = sourcecode.swift; path = AppDelegate.swift; sourceTree = "<group>"; };
		5FBC4C5E1E3C5530004E64A6 /* TableViewController.swift */ = {isa = PBXFileReference; lastKnownFileType = sourcecode.swift; path = TableViewController.swift; sourceTree = "<group>"; };
		5FBC4C611E3C5530004E64A6 /* Base */ = {isa = PBXFileReference; lastKnownFileType = file.storyboard; name = Base; path = Base.lproj/Main.storyboard; sourceTree = "<group>"; };
		5FBC4C631E3C5530004E64A6 /* Assets.xcassets */ = {isa = PBXFileReference; lastKnownFileType = folder.assetcatalog; path = Assets.xcassets; sourceTree = "<group>"; };
		5FBC4C661E3C5530004E64A6 /* Base */ = {isa = PBXFileReference; lastKnownFileType = file.storyboard; name = Base; path = Base.lproj/LaunchScreen.storyboard; sourceTree = "<group>"; };
		5FBC4C681E3C5530004E64A6 /* Info.plist */ = {isa = PBXFileReference; lastKnownFileType = text.plist.xml; path = Info.plist; sourceTree = "<group>"; };
		B05723CA23851CE734C286DD /* Pods-SpotifyAPIApp.debug.xcconfig */ = {isa = PBXFileReference; includeInIndex = 1; lastKnownFileType = text.xcconfig; name = "Pods-SpotifyAPIApp.debug.xcconfig"; path = "Pods/Target Support Files/Pods-SpotifyAPIApp/Pods-SpotifyAPIApp.debug.xcconfig"; sourceTree = "<group>"; };
		C63E112FB7B99A89F33BA3BA /* Pods-SpotifyAPIApp.release.xcconfig */ = {isa = PBXFileReference; includeInIndex = 1; lastKnownFileType = text.xcconfig; name = "Pods-SpotifyAPIApp.release.xcconfig"; path = "Pods/Target Support Files/Pods-SpotifyAPIApp/Pods-SpotifyAPIApp.release.xcconfig"; sourceTree = "<group>"; };
		FB076CE1F4468B11644A80F8 /* Pods_SpotifyAPIApp.framework */ = {isa = PBXFileReference; explicitFileType = wrapper.framework; includeInIndex = 0; path = Pods_SpotifyAPIApp.framework; sourceTree = BUILT_PRODUCTS_DIR; };
/* End PBXFileReference section */

/* Begin PBXFrameworksBuildPhase section */
		5FBC4C561E3C5530004E64A6 /* Frameworks */ = {
			isa = PBXFrameworksBuildPhase;
			buildActionMask = 2147483647;
			files = (
				FEC8214F193E1C21ECA5D843 /* Pods_SpotifyAPIApp.framework in Frameworks */,
			);
			runOnlyForDeploymentPostprocessing = 0;
		};
/* End PBXFrameworksBuildPhase section */

/* Begin PBXGroup section */
		5FBC4C501E3C5530004E64A6 = {
			isa = PBXGroup;
			children = (
				5FBC4C5B1E3C5530004E64A6 /* SpotifyAPIApp */,
				5FBC4C5A1E3C5530004E64A6 /* Products */,
				84078E02E09F9F523DC8993C /* Pods */,
				87CCEE779E79F5736FACFCD2 /* Frameworks */,
			);
			sourceTree = "<group>";
		};
		5FBC4C5A1E3C5530004E64A6 /* Products */ = {
			isa = PBXGroup;
			children = (
				5FBC4C591E3C5530004E64A6 /* SpotifyAPIApp.app */,
			);
			name = Products;
			sourceTree = "<group>";
		};
		5FBC4C5B1E3C5530004E64A6 /* SpotifyAPIApp */ = {
			isa = PBXGroup;
			children = (
				5FBC4C5C1E3C5530004E64A6 /* AppDelegate.swift */,
				5F2ECF951E3CA18700F688E7 /* SongCell.swift */,
				5FBC4C5E1E3C5530004E64A6 /* TableViewController.swift */,
				5FBC4C601E3C5530004E64A6 /* Main.storyboard */,
				5FBC4C631E3C5530004E64A6 /* Assets.xcassets */,
				5FBC4C651E3C5530004E64A6 /* LaunchScreen.storyboard */,
				5FBC4C681E3C5530004E64A6 /* Info.plist */,
			);
			path = SpotifyAPIApp;
			sourceTree = "<group>";
		};
		84078E02E09F9F523DC8993C /* Pods */ = {
			isa = PBXGroup;
			children = (
				B05723CA23851CE734C286DD /* Pods-SpotifyAPIApp.debug.xcconfig */,
				C63E112FB7B99A89F33BA3BA /* Pods-SpotifyAPIApp.release.xcconfig */,
			);
			name = Pods;
			sourceTree = "<group>";
		};
		87CCEE779E79F5736FACFCD2 /* Frameworks */ = {
			isa = PBXGroup;
			children = (
				FB076CE1F4468B11644A80F8 /* Pods_SpotifyAPIApp.framework */,
			);
			name = Frameworks;
			sourceTree = "<group>";
		};
/* End PBXGroup section */

/* Begin PBXNativeTarget section */
		5FBC4C581E3C5530004E64A6 /* SpotifyAPIApp */ = {
			isa = PBXNativeTarget;
			buildConfigurationList = 5FBC4C6B1E3C5530004E64A6 /* Build configuration list for PBXNativeTarget "SpotifyAPIApp" */;
			buildPhases = (
				101DAFA69CA381CDB593F277 /* [CP] Check Pods Manifest.lock */,
				5FBC4C551E3C5530004E64A6 /* Sources */,
				5FBC4C561E3C5530004E64A6 /* Frameworks */,
				5FBC4C571E3C5530004E64A6 /* Resources */,
				463D25B818EF4F900B809602 /* [CP] Embed Pods Frameworks */,
				AB95ECC5AF45CD130D1610BC /* [CP] Copy Pods Resources */,
			);
			buildRules = (
			);
			dependencies = (
			);
			name = SpotifyAPIApp;
			productName = SpotifyAPIApp;
			productReference = 5FBC4C591E3C5530004E64A6 /* SpotifyAPIApp.app */;
			productType = "com.apple.product-type.application";
		};
/* End PBXNativeTarget section */

/* Begin PBXProject section */
		5FBC4C511E3C5530004E64A6 /* Project object */ = {
			isa = PBXProject;
			attributes = {
				LastSwiftUpdateCheck = 0820;
				LastUpgradeCheck = 0820;
				ORGANIZATIONNAME = "Ben LOWRY";
				TargetAttributes = {
					5FBC4C581E3C5530004E64A6 = {
						CreatedOnToolsVersion = 8.2.1;
						ProvisioningStyle = Automatic;
					};
				};
			};
			buildConfigurationList = 5FBC4C541E3C5530004E64A6 /* Build configuration list for PBXProject "SpotifyAPIApp" */;
			compatibilityVersion = "Xcode 3.2";
			developmentRegion = English;
			hasScannedForEncodings = 0;
			knownRegions = (
				en,
				Base,
			);
			mainGroup = 5FBC4C501E3C5530004E64A6;
			productRefGroup = 5FBC4C5A1E3C5530004E64A6 /* Products */;
			projectDirPath = "";
			projectRoot = "";
			targets = (
				5FBC4C581E3C5530004E64A6 /* SpotifyAPIApp */,
			);
		};
/* End PBXProject section */

/* Begin PBXResourcesBuildPhase section */
		5FBC4C571E3C5530004E64A6 /* Resources */ = {
			isa = PBXResourcesBuildPhase;
			buildActionMask = 2147483647;
			files = (
				5FBC4C671E3C5530004E64A6 /* LaunchScreen.storyboard in Resources */,
				5FBC4C641E3C5530004E64A6 /* Assets.xcassets in Resources */,
				5FBC4C621E3C5530004E64A6 /* Main.storyboard in Resources */,
			);
			runOnlyForDeploymentPostprocessing = 0;
		};
/* End PBXResourcesBuildPhase section */

/* Begin PBXShellScriptBuildPhase section */
		101DAFA69CA381CDB593F277 /* [CP] Check Pods Manifest.lock */ = {
			isa = PBXShellScriptBuildPhase;
			buildActionMask = 2147483647;
			files = (
			);
			inputPaths = (
			);
			name = "[CP] Check Pods Manifest.lock";
			outputPaths = (
			);
			runOnlyForDeploymentPostprocessing = 0;
			shellPath = /bin/sh;
			shellScript = "diff \"${PODS_ROOT}/../Podfile.lock\" \"${PODS_ROOT}/Manifest.lock\" > /dev/null\nif [ $? != 0 ] ; then\n    # print error to STDERR\n    echo \"error: The sandbox is not in sync with the Podfile.lock. Run 'pod install' or update your CocoaPods installation.\" >&2\n    exit 1\nfi\n";
			showEnvVarsInLog = 0;
		};
		463D25B818EF4F900B809602 /* [CP] Embed Pods Frameworks */ = {
			isa = PBXShellScriptBuildPhase;
			buildActionMask = 2147483647;
			files = (
			);
			inputPaths = (
			);
			name = "[CP] Embed Pods Frameworks";
			outputPaths = (
			);
			runOnlyForDeploymentPostprocessing = 0;
			shellPath = /bin/sh;
			shellScript = "\"${SRCROOT}/Pods/Target Support Files/Pods-SpotifyAPIApp/Pods-SpotifyAPIApp-frameworks.sh\"\n";
			showEnvVarsInLog = 0;
		};
		AB95ECC5AF45CD130D1610BC /* [CP] Copy Pods Resources */ = {
			isa = PBXShellScriptBuildPhase;
			buildActionMask = 2147483647;
			files = (
			);
			inputPaths = (
			);
			name = "[CP] Copy Pods Resources";
			outputPaths = (
			);
			runOnlyForDeploymentPostprocessing = 0;
			shellPath = /bin/sh;
			shellScript = "\"${SRCROOT}/Pods/Target Support Files/Pods-SpotifyAPIApp/Pods-SpotifyAPIApp-resources.sh\"\n";
			showEnvVarsInLog = 0;
		};
/* End PBXShellScriptBuildPhase section */

/* Begin PBXSourcesBuildPhase section */
		5FBC4C551E3C5530004E64A6 /* Sources */ = {
			isa = PBXSourcesBuildPhase;
			buildActionMask = 2147483647;
			files = (
				5F2ECF961E3CA18700F688E7 /* SongCell.swift in Sources */,
				5FBC4C5F1E3C5530004E64A6 /* TableViewController.swift in Sources */,
				5FBC4C5D1E3C5530004E64A6 /* AppDelegate.swift in Sources */,
			);
			runOnlyForDeploymentPostprocessing = 0;
		};
/* End PBXSourcesBuildPhase section */

/* Begin PBXVariantGroup section */
		5FBC4C601E3C5530004E64A6 /* Main.storyboard */ = {
			isa = PBXVariantGroup;
			children = (
				5FBC4C611E3C5530004E64A6 /* Base */,
			);
			name = Main.storyboard;
			sourceTree = "<group>";
		};
		5FBC4C651E3C5530004E64A6 /* LaunchScreen.storyboard */ = {
			isa = PBXVariantGroup;
			children = (
				5FBC4C661E3C5530004E64A6 /* Base */,
			);
			name = LaunchScreen.storyboard;
			sourceTree = "<group>";
		};
/* End PBXVariantGroup section */

/* Begin XCBuildConfiguration section */
		5FBC4C691E3C5530004E64A6 /* Debug */ = {
			isa = XCBuildConfiguration;
			buildSettings = {
				ALWAYS_SEARCH_USER_PATHS = NO;
				CLANG_ANALYZER_NONNULL = YES;
				CLANG_CXX_LANGUAGE_STANDARD = "gnu++0x";
				CLANG_CXX_LIBRARY = "libc++";
				CLANG_ENABLE_MODULES = YES;
				CLANG_ENABLE_OBJC_ARC = YES;
				CLANG_WARN_BOOL_CONVERSION = YES;
				CLANG_WARN_CONSTANT_CONVERSION = YES;
				CLANG_WARN_DIRECT_OBJC_ISA_USAGE = YES_ERROR;
				CLANG_WARN_DOCUMENTATION_COMMENTS = YES;
				CLANG_WARN_EMPTY_BODY = YES;
				CLANG_WARN_ENUM_CONVERSION = YES;
				CLANG_WARN_INFINITE_RECURSION = YES;
				CLANG_WARN_INT_CONVERSION = YES;
				CLANG_WARN_OBJC_ROOT_CLASS = YES_ERROR;
				CLANG_WARN_SUSPICIOUS_MOVE = YES;
				CLANG_WARN_UNREACHABLE_CODE = YES;
				CLANG_WARN__DUPLICATE_METHOD_MATCH = YES;
				"CODE_SIGN_IDENTITY[sdk=iphoneos*]" = "iPhone Developer";
				COPY_PHASE_STRIP = NO;
				DEBUG_INFORMATION_FORMAT = dwarf;
				ENABLE_STRICT_OBJC_MSGSEND = YES;
				ENABLE_TESTABILITY = YES;
				GCC_C_LANGUAGE_STANDARD = gnu99;
				GCC_DYNAMIC_NO_PIC = NO;
				GCC_NO_COMMON_BLOCKS = YES;
				GCC_OPTIMIZATION_LEVEL = 0;
				GCC_PREPROCESSOR_DEFINITIONS = (
					"DEBUG=1",
					"$(inherited)",
				);
				GCC_WARN_64_TO_32_BIT_CONVERSION = YES;
				GCC_WARN_ABOUT_RETURN_TYPE = YES_ERROR;
				GCC_WARN_UNDECLARED_SELECTOR = YES;
				GCC_WARN_UNINITIALIZED_AUTOS = YES_AGGRESSIVE;
				GCC_WARN_UNUSED_FUNCTION = YES;
				GCC_WARN_UNUSED_VARIABLE = YES;
				IPHONEOS_DEPLOYMENT_TARGET = 10.2;
				MTL_ENABLE_DEBUG_INFO = YES;
				ONLY_ACTIVE_ARCH = YES;
				SDKROOT = iphoneos;
				SWIFT_ACTIVE_COMPILATION_CONDITIONS = DEBUG;
				SWIFT_OPTIMIZATION_LEVEL = "-Onone";
			};
			name = Debug;
		};
		5FBC4C6A1E3C5530004E64A6 /* Release */ = {
			isa = XCBuildConfiguration;
			buildSettings = {
				ALWAYS_SEARCH_USER_PATHS = NO;
				CLANG_ANALYZER_NONNULL = YES;
				CLANG_CXX_LANGUAGE_STANDARD = "gnu++0x";
				CLANG_CXX_LIBRARY = "libc++";
				CLANG_ENABLE_MODULES = YES;
				CLANG_ENABLE_OBJC_ARC = YES;
				CLANG_WARN_BOOL_CONVERSION = YES;
				CLANG_WARN_CONSTANT_CONVERSION = YES;
				CLANG_WARN_DIRECT_OBJC_ISA_USAGE = YES_ERROR;
				CLANG_WARN_DOCUMENTATION_COMMENTS = YES;
				CLANG_WARN_EMPTY_BODY = YES;
				CLANG_WARN_ENUM_CONVERSION = YES;
				CLANG_WARN_INFINITE_RECURSION = YES;
				CLANG_WARN_INT_CONVERSION = YES;
				CLANG_WARN_OBJC_ROOT_CLASS = YES_ERROR;
				CLANG_WARN_SUSPICIOUS_MOVE = YES;
				CLANG_WARN_UNREACHABLE_CODE = YES;
				CLANG_WARN__DUPLICATE_METHOD_MATCH = YES;
				"CODE_SIGN_IDENTITY[sdk=iphoneos*]" = "iPhone Developer";
				COPY_PHASE_STRIP = NO;
				DEBUG_INFORMATION_FORMAT = "dwarf-with-dsym";
				ENABLE_NS_ASSERTIONS = NO;
				ENABLE_STRICT_OBJC_MSGSEND = YES;
				GCC_C_LANGUAGE_STANDARD = gnu99;
				GCC_NO_COMMON_BLOCKS = YES;
				GCC_WARN_64_TO_32_BIT_CONVERSION = YES;
				GCC_WARN_ABOUT_RETURN_TYPE = YES_ERROR;
				GCC_WARN_UNDECLARED_SELECTOR = YES;
				GCC_WARN_UNINITIALIZED_AUTOS = YES_AGGRESSIVE;
				GCC_WARN_UNUSED_FUNCTION = YES;
				GCC_WARN_UNUSED_VARIABLE = YES;
				IPHONEOS_DEPLOYMENT_TARGET = 10.2;
				MTL_ENABLE_DEBUG_INFO = NO;
				SDKROOT = iphoneos;
				SWIFT_OPTIMIZATION_LEVEL = "-Owholemodule";
				VALIDATE_PRODUCT = YES;
			};
			name = Release;
		};
		5FBC4C6C1E3C5530004E64A6 /* Debug */ = {
			isa = XCBuildConfiguration;
			baseConfigurationReference = B05723CA23851CE734C286DD /* Pods-SpotifyAPIApp.debug.xcconfig */;
			buildSettings = {
				ASSETCATALOG_COMPILER_APPICON_NAME = AppIcon;
				INFOPLIST_FILE = SpotifyAPIApp/Info.plist;
				LD_RUNPATH_SEARCH_PATHS = "$(inherited) @executable_path/Frameworks";
				PRODUCT_BUNDLE_IDENTIFIER = com.benlowryscode.SpotifyAPIApp;
				PRODUCT_NAME = "$(TARGET_NAME)";
				SWIFT_VERSION = 3.0;
			};
			name = Debug;
		};
		5FBC4C6D1E3C5530004E64A6 /* Release */ = {
			isa = XCBuildConfiguration;
			baseConfigurationReference = C63E112FB7B99A89F33BA3BA /* Pods-SpotifyAPIApp.release.xcconfig */;
			buildSettings = {
				ASSETCATALOG_COMPILER_APPICON_NAME = AppIcon;
				INFOPLIST_FILE = SpotifyAPIApp/Info.plist;
				LD_RUNPATH_SEARCH_PATHS = "$(inherited) @executable_path/Frameworks";
				PRODUCT_BUNDLE_IDENTIFIER = com.benlowryscode.SpotifyAPIApp;
				PRODUCT_NAME = "$(TARGET_NAME)";
				SWIFT_VERSION = 3.0;
			};
			name = Release;
		};
/* End XCBuildConfiguration section */

/* Begin XCConfigurationList section */
		5FBC4C541E3C5530004E64A6 /* Build configuration list for PBXProject "SpotifyAPIApp" */ = {
			isa = XCConfigurationList;
			buildConfigurations = (
				5FBC4C691E3C5530004E64A6 /* Debug */,
				5FBC4C6A1E3C5530004E64A6 /* Release */,
			);
			defaultConfigurationIsVisible = 0;
			defaultConfigurationName = Release;
		};
		5FBC4C6B1E3C5530004E64A6 /* Build configuration list for PBXNativeTarget "SpotifyAPIApp" */ = {
			isa = XCConfigurationList;
			buildConfigurations = (
				5FBC4C6C1E3C5530004E64A6 /* Debug */,
				5FBC4C6D1E3C5530004E64A6 /* Release */,
			);
			defaultConfigurationIsVisible = 0;
			defaultConfigurationName = Release;
		};
/* End XCConfigurationList section */
	};
	rootObject = 5FBC4C511E3C5530004E64A6 /* Project object */;
}
